<?xml version="1.0" encoding="utf-8"?>
<Project ToolsVersion="4.0" xmlns="http://schemas.microsoft.com/developer/msbuild/2003">
  <ItemGroup>
    <Filter Include="Заголовочные файлы">
      <UniqueIdentifier>{93995380-89BD-4b04-88EB-625FBE52EBFB}</UniqueIdentifier>
      <Extensions>h;hpp;hxx;hm;inl;inc;xsd</Extensions>
    </Filter>
    <Filter Include="Файлы исходного кода">
      <UniqueIdentifier>{4FC737F1-C7A5-4376-A066-2A32D752A2FF}</UniqueIdentifier>
      <Extensions>cpp;c;cc;cxx;def;odl;idl;hpj;bat;asm;asmx</Extensions>
    </Filter>
    <Filter Include="Файлы ресурсов">
      <UniqueIdentifier>{67DA6AB6-F800-4c08-8B7A-83BB121AAD01}</UniqueIdentifier>
      <Extensions>rc;ico;cur;bmp;dlg;rc2;rct;bin;rgs;gif;jpg;jpeg;jpe;resx;tiff;tif;png;wav;mfcribbon-ms</Extensions>
    </Filter>
  </ItemGroup>
  <ItemGroup>
    <ClInclude Include="resource.h">
      <Filter>Заголовочные файлы</Filter>
    </ClInclude>
    <ClInclude Include="Bird.h">
      <Filter>Заголовочные файлы</Filter>
    </ClInclude>
    <ClInclude Include="Pic.h">
      <Filter>Заголовочные файлы</Filter>
    </ClInclude>
    <ClInclude Include="PipeList.h">
      <Filter>Заголовочные файлы</Filter>
    </ClInclude>
    <ClInclude Include="Land.h">
      <Filter>Заголовочные файлы</Filter>
    </ClInclude>
    <ClInclude Include="Panel.h">
      <Filter>Заголовочные файлы</Filter>
    </ClInclude>
    <ClInclude Include="Button.h">
      <Filter>Заголовочные файлы</Filter>
    </ClInclude>
    <ClInclude Include="Main.h">
      <Filter>Заголовочные файлы</Filter>
    </ClInclude>
  </ItemGroup>
  <ItemGroup>
    <ClCompile Include="Bird.cpp">
      <Filter>Файлы исходного кода</Filter>
    </ClCompile>
    <ClCompile Include="Pic.cpp">
      <Filter>Файлы исходного кода</Filter>
    </ClCompile>
    <ClCompile Include="PipeList.cpp">
      <Filter>Файлы исходного кода</Filter>
    </ClCompile>
    <ClCompile Include="Panel.cpp">
      <Filter>Файлы исходного кода</Filter>
    </ClCompile>
    <ClCompile Include="Button.cpp">
      <Filter>Файлы исходного кода</Filter>
    </ClCompile>
    <ClCompile Include="Main.cpp">
      <Filter>Файлы исходного кода</Filter>
    </ClCompile>
  </ItemGroup>
  <ItemGroup>
    <Image Include="a00.bmp">
      <Filter>Файлы ресурсов</Filter>
    </Image>
    <Image Include="a01.bmp">
      <Filter>Файлы ресурсов</Filter>
    </Image>
    <Image Include="a02.bmp">
      <Filter>Файлы ресурсов</Filter>
    </Image>
    <Image Include="atlas.bmp">
      <Filter>Файлы ресурсов</Filter>
    </Image>
    <Image Include="a10.bmp">
      <Filter>Файлы ресурсов</Filter>
    </Image>
    <Image Include="a11.bmp">
      <Filter>Файлы ресурсов</Filter>
    </Image>
    <Image Include="a12.bmp">
      <Filter>Файлы ресурсов</Filter>
    </Image>
    <Image Include="a20.bmp">
      <Filter>Файлы ресурсов</Filter>
    </Image>
    <Image Include="a21.bmp">
      <Filter>Файлы ресурсов</Filter>
    </Image>
    <Image Include="a22.bmp">
      <Filter>Файлы ресурсов</Filter>
    </Image>
    <Image Include="icon.ico">
      <Filter>Файлы ресурсов</Filter>
    </Image>
  </ItemGroup>
  <ItemGroup>
    <Media Include="die.wav">
      <Filter>Файлы ресурсов</Filter>
    </Media>
    <Media Include="fly.wav">
      <Filter>Файлы ресурсов</Filter>
    </Media>
    <Media Include="hit.wav">
      <Filter>Файлы ресурсов</Filter>
    </Media>
    <Media Include="panel.wav">
      <Filter>Файлы ресурсов</Filter>
    </Media>
    <Media Include="point.wav">
      <Filter>Файлы ресурсов</Filter>
    </Media>
  </ItemGroup>
</Project>